
Microsoft Visual Studio Solution File, Format Version 12.00
# Visual Studio 2012
Project("{FAE04EC0-301F-11D3-BF4B-00C04F79EFBC}") = "Examples.NLog", "Examples.NLog\Examples.NLog.csproj", "{AE67BFE1-34B0-460E-B21A-7475E40B306B}"
EndProject
Project("{2150E333-8FDC-42A3-9474-1A3956D46DE8}") = "Injection", "Injection", "{2D198EFB-1652-4293-AF88-C2657334131F}"
EndProject
Project("{FAE04EC0-301F-11D3-BF4B-00C04F79EFBC}") = "Examples.ModuleInjection", "Examples.ModuleInjection\Examples.ModuleInjection.csproj", "{C41814BE-19CD-4337-9BEB-1FF21AA9FBF9}"
EndProject
Project("{FAE04EC0-301F-11D3-BF4B-00C04F79EFBC}") = "Examples.MultipleInjection", "Examples.MultipleInjection\Examples.MultipleInjection.csproj", "{A1BF5ED0-5FE2-4A1F-9DF0-7CFC3D39F6F1}"
EndProject
Project("{2150E333-8FDC-42A3-9474-1A3956D46DE8}") = "NLogInjection", "NLogInjection", "{00786E7E-6B29-485F-B17A-6783F92E35D2}"
EndProject
Project("{FAE04EC0-301F-11D3-BF4B-00C04F79EFBC}") = "Examples.Ninject", "Examples.Ninject\Examples.Ninject.csproj", "{8D2B13F0-6B46-41F7-A7D3-7DE2B4209A15}"
EndProject
Project("{FAE04EC0-301F-11D3-BF4B-00C04F79EFBC}") = "Examples.NLogInjection", "Examples.NLogInjection\Examples.NLogInjection.csproj", "{DC85E416-28FD-477C-B8F8-ECCD1889A091}"
EndProject
Project("{FAE04EC0-301F-11D3-BF4B-00C04F79EFBC}") = "Examples.NLogInjection2", "Examples.NLogInjection2\Examples.NLogInjection2.csproj", "{4AAD0E8A-DB85-4B70-A26F-5F62BDFB1A1E}"
EndProject
Project("{FAE04EC0-301F-11D3-BF4B-00C04F79EFBC}") = "Examples.NLogInjection3", "Examples.NLogInjection3\Examples.NLogInjection3.csproj", "{B9B7587E-A089-4F83-9DB1-8B467A5AA91D}"
EndProject
Project("{2150E333-8FDC-42A3-9474-1A3956D46DE8}") = "Exception Logging", "Exception Logging", "{A9D76283-4445-4D4E-9269-2E253A5993F2}"
EndProject
Project("{FAE04EC0-301F-11D3-BF4B-00C04F79EFBC}") = "Examples.NLogInjection4", "Examples.NLogInjection4\Examples.NLogInjection4.csproj", "{D811E691-FCA1-4C0D-A30E-264E54FA25CC}"
EndProject
Project("{2150E333-8FDC-42A3-9474-1A3956D46DE8}") = "Change from NLog Injection to Log4Net", "Change from NLog Injection to Log4Net", "{C6078F7E-721D-4F71-B6E4-C1E0246947D3}"
EndProject
Project("{FAE04EC0-301F-11D3-BF4B-00C04F79EFBC}") = "Examples.NLogInjection5", "Examples.NLogInjection5\Examples.NLogInjection5.csproj", "{6C8FE01C-EBA1-42A4-B4D6-2C56E4C581C6}"
EndProject
Project("{FAE04EC0-301F-11D3-BF4B-00C04F79EFBC}") = "Examples.Log4Net", "Examples.Log4Net\Examples.Log4Net.csproj", "{5C15809E-0BA7-485F-B879-05F5F3279DC8}"
EndProject
Project("{FAE04EC0-301F-11D3-BF4B-00C04F79EFBC}") = "Examples.NLogInjection6", "Examples.NLogInjection6\Examples.NLogInjection6.csproj", "{31D96701-50F0-4656-9551-0DCEAA9C284E}"
EndProject
Project("{FAE04EC0-301F-11D3-BF4B-00C04F79EFBC}") = "Examples.NLogInjection7", "Examples.NLogInjection7\Examples.NLogInjection7.csproj", "{612D2858-007D-4A24-917E-0979119DC0D6}"
EndProject
Global
	GlobalSection(SolutionConfigurationPlatforms) = preSolution
		Debug|Any CPU = Debug|Any CPU
		Release|Any CPU = Release|Any CPU
	EndGlobalSection
	GlobalSection(ProjectConfigurationPlatforms) = postSolution
		{AE67BFE1-34B0-460E-B21A-7475E40B306B}.Debug|Any CPU.ActiveCfg = Debug|Any CPU
		{AE67BFE1-34B0-460E-B21A-7475E40B306B}.Debug|Any CPU.Build.0 = Debug|Any CPU
		{AE67BFE1-34B0-460E-B21A-7475E40B306B}.Release|Any CPU.ActiveCfg = Release|Any CPU
		{AE67BFE1-34B0-460E-B21A-7475E40B306B}.Release|Any CPU.Build.0 = Release|Any CPU
		{C41814BE-19CD-4337-9BEB-1FF21AA9FBF9}.Debug|Any CPU.ActiveCfg = Debug|Any CPU
		{C41814BE-19CD-4337-9BEB-1FF21AA9FBF9}.Debug|Any CPU.Build.0 = Debug|Any CPU
		{C41814BE-19CD-4337-9BEB-1FF21AA9FBF9}.Release|Any CPU.ActiveCfg = Release|Any CPU
		{C41814BE-19CD-4337-9BEB-1FF21AA9FBF9}.Release|Any CPU.Build.0 = Release|Any CPU
		{A1BF5ED0-5FE2-4A1F-9DF0-7CFC3D39F6F1}.Debug|Any CPU.ActiveCfg = Debug|Any CPU
		{A1BF5ED0-5FE2-4A1F-9DF0-7CFC3D39F6F1}.Debug|Any CPU.Build.0 = Debug|Any CPU
		{A1BF5ED0-5FE2-4A1F-9DF0-7CFC3D39F6F1}.Release|Any CPU.ActiveCfg = Release|Any CPU
		{A1BF5ED0-5FE2-4A1F-9DF0-7CFC3D39F6F1}.Release|Any CPU.Build.0 = Release|Any CPU
		{8D2B13F0-6B46-41F7-A7D3-7DE2B4209A15}.Debug|Any CPU.ActiveCfg = Debug|Any CPU
		{8D2B13F0-6B46-41F7-A7D3-7DE2B4209A15}.Debug|Any CPU.Build.0 = Debug|Any CPU
		{8D2B13F0-6B46-41F7-A7D3-7DE2B4209A15}.Release|Any CPU.ActiveCfg = Release|Any CPU
		{8D2B13F0-6B46-41F7-A7D3-7DE2B4209A15}.Release|Any CPU.Build.0 = Release|Any CPU
		{DC85E416-28FD-477C-B8F8-ECCD1889A091}.Debug|Any CPU.ActiveCfg = Debug|Any CPU
		{DC85E416-28FD-477C-B8F8-ECCD1889A091}.Debug|Any CPU.Build.0 = Debug|Any CPU
		{DC85E416-28FD-477C-B8F8-ECCD1889A091}.Release|Any CPU.ActiveCfg = Release|Any CPU
		{DC85E416-28FD-477C-B8F8-ECCD1889A091}.Release|Any CPU.Build.0 = Release|Any CPU
		{4AAD0E8A-DB85-4B70-A26F-5F62BDFB1A1E}.Debug|Any CPU.ActiveCfg = Debug|Any CPU
		{4AAD0E8A-DB85-4B70-A26F-5F62BDFB1A1E}.Debug|Any CPU.Build.0 = Debug|Any CPU
		{4AAD0E8A-DB85-4B70-A26F-5F62BDFB1A1E}.Release|Any CPU.ActiveCfg = Release|Any CPU
		{4AAD0E8A-DB85-4B70-A26F-5F62BDFB1A1E}.Release|Any CPU.Build.0 = Release|Any CPU
		{B9B7587E-A089-4F83-9DB1-8B467A5AA91D}.Debug|Any CPU.ActiveCfg = Debug|Any CPU
		{B9B7587E-A089-4F83-9DB1-8B467A5AA91D}.Debug|Any CPU.Build.0 = Debug|Any CPU
		{B9B7587E-A089-4F83-9DB1-8B467A5AA91D}.Release|Any CPU.ActiveCfg = Release|Any CPU
		{B9B7587E-A089-4F83-9DB1-8B467A5AA91D}.Release|Any CPU.Build.0 = Release|Any CPU
		{D811E691-FCA1-4C0D-A30E-264E54FA25CC}.Debug|Any CPU.ActiveCfg = Debug|Any CPU
		{D811E691-FCA1-4C0D-A30E-264E54FA25CC}.Debug|Any CPU.Build.0 = Debug|Any CPU
		{D811E691-FCA1-4C0D-A30E-264E54FA25CC}.Release|Any CPU.ActiveCfg = Release|Any CPU
		{D811E691-FCA1-4C0D-A30E-264E54FA25CC}.Release|Any CPU.Build.0 = Release|Any CPU
		{6C8FE01C-EBA1-42A4-B4D6-2C56E4C581C6}.Debug|Any CPU.ActiveCfg = Debug|Any CPU
		{6C8FE01C-EBA1-42A4-B4D6-2C56E4C581C6}.Debug|Any CPU.Build.0 = Debug|Any CPU
		{6C8FE01C-EBA1-42A4-B4D6-2C56E4C581C6}.Release|Any CPU.ActiveCfg = Release|Any CPU
		{6C8FE01C-EBA1-42A4-B4D6-2C56E4C581C6}.Release|Any CPU.Build.0 = Release|Any CPU
		{5C15809E-0BA7-485F-B879-05F5F3279DC8}.Debug|Any CPU.ActiveCfg = Debug|Any CPU
		{5C15809E-0BA7-485F-B879-05F5F3279DC8}.Debug|Any CPU.Build.0 = Debug|Any CPU
		{5C15809E-0BA7-485F-B879-05F5F3279DC8}.Release|Any CPU.ActiveCfg = Release|Any CPU
		{5C15809E-0BA7-485F-B879-05F5F3279DC8}.Release|Any CPU.Build.0 = Release|Any CPU
		{31D96701-50F0-4656-9551-0DCEAA9C284E}.Debug|Any CPU.ActiveCfg = Debug|Any CPU
		{31D96701-50F0-4656-9551-0DCEAA9C284E}.Debug|Any CPU.Build.0 = Debug|Any CPU
		{31D96701-50F0-4656-9551-0DCEAA9C284E}.Release|Any CPU.ActiveCfg = Release|Any CPU
		{31D96701-50F0-4656-9551-0DCEAA9C284E}.Release|Any CPU.Build.0 = Release|Any CPU
		{612D2858-007D-4A24-917E-0979119DC0D6}.Debug|Any CPU.ActiveCfg = Debug|Any CPU
		{612D2858-007D-4A24-917E-0979119DC0D6}.Debug|Any CPU.Build.0 = Debug|Any CPU
		{612D2858-007D-4A24-917E-0979119DC0D6}.Release|Any CPU.ActiveCfg = Release|Any CPU
		{612D2858-007D-4A24-917E-0979119DC0D6}.Release|Any CPU.Build.0 = Release|Any CPU
	EndGlobalSection
	GlobalSection(SolutionProperties) = preSolution
		HideSolutionNode = FALSE
	EndGlobalSection
	GlobalSection(NestedProjects) = preSolution
		{C41814BE-19CD-4337-9BEB-1FF21AA9FBF9} = {2D198EFB-1652-4293-AF88-C2657334131F}
		{A1BF5ED0-5FE2-4A1F-9DF0-7CFC3D39F6F1} = {2D198EFB-1652-4293-AF88-C2657334131F}
		{8D2B13F0-6B46-41F7-A7D3-7DE2B4209A15} = {2D198EFB-1652-4293-AF88-C2657334131F}
		{DC85E416-28FD-477C-B8F8-ECCD1889A091} = {00786E7E-6B29-485F-B17A-6783F92E35D2}
		{4AAD0E8A-DB85-4B70-A26F-5F62BDFB1A1E} = {00786E7E-6B29-485F-B17A-6783F92E35D2}
		{B9B7587E-A089-4F83-9DB1-8B467A5AA91D} = {00786E7E-6B29-485F-B17A-6783F92E35D2}
		{A9D76283-4445-4D4E-9269-2E253A5993F2} = {00786E7E-6B29-485F-B17A-6783F92E35D2}
		{D811E691-FCA1-4C0D-A30E-264E54FA25CC} = {A9D76283-4445-4D4E-9269-2E253A5993F2}
		{6C8FE01C-EBA1-42A4-B4D6-2C56E4C581C6} = {C6078F7E-721D-4F71-B6E4-C1E0246947D3}
		{31D96701-50F0-4656-9551-0DCEAA9C284E} = {C6078F7E-721D-4F71-B6E4-C1E0246947D3}
		{612D2858-007D-4A24-917E-0979119DC0D6} = {C6078F7E-721D-4F71-B6E4-C1E0246947D3}
	EndGlobalSection
EndGlobal
